speakeasyVersion: 1.563.4
sources:
    json-development:
        sourceNamespace: json-development
        sourceRevisionDigest: sha256:7e26f9dc04eda935fe42a4feb9dec806b05b3b8ea6da9d5dbf4258ff07fb8d11
        sourceBlobDigest: sha256:838f5a0711f2cbd7231350e4332a1a6f493eef11b7c91cde5567831315e6f6ec
        tags:
            - latest
            - speakeasy-sdk-regen-1750119629
            - 2.2.0
targets:
    my-first-target:
        source: json-development
        sourceNamespace: json-development
        sourceRevisionDigest: sha256:7e26f9dc04eda935fe42a4feb9dec806b05b3b8ea6da9d5dbf4258ff07fb8d11
        sourceBlobDigest: sha256:838f5a0711f2cbd7231350e4332a1a6f493eef11b7c91cde5567831315e6f6ec
        codeSamplesNamespace: code-samples-typescript
        codeSamplesRevisionDigest: sha256:cbfe4ef0e149124e40d9b22e6b349e4b951defc5883e89cbae6d538c27107203
workflow:
    workflowVersion: 1.0.0
    speakeasyVersion: latest
    sources:
        json-development:
            inputs:
                - location: https://api.novu.co/openapi.sdk.yaml
            overlays:
                - location: .speakeasy/speakeasy-modifications-overlay.yaml
            output: sources/json-development.json
            registry:
                location: registry.speakeasyapi.dev/novu/novu/json-development
    targets:
        my-first-target:
            target: typescript
            source: json-development
            publish:
                npm:
                    token: $npm_token
            codeSamples:
                output: sources/code-samples.yaml
                registry:
                    location: registry.speakeasyapi.dev/novu/novu/code-samples-typescript
                labelOverride:
                    fixedValue: TypeScript
